%{"chronos": {:hex, :chronos, "1.5.1"},
  "combine": {:hex, :combine, "0.6.0"},
  "comeonin": {:hex, :comeonin, "1.6.0"},
  "con_cache": {:hex, :con_cache, "0.9.0"},
  "corsica": {:hex, :corsica, "0.4.0"},
  "cowboy": {:hex, :cowboy, "1.0.4"},
  "cowlib": {:hex, :cowlib, "1.0.2"},
  "decimal": {:hex, :decimal, "1.1.0"},
  "ecto": {:hex, :ecto, "1.0.6"},
  "exactor": {:hex, :exactor, "2.2.0"},
  "fs": {:hex, :fs, "0.9.2"},
  "guardian": {:hex, :guardian, "0.6.3"},
  "hackney": {:hex, :hackney, "1.3.2"},
  "httpoison": {:hex, :httpoison, "0.7.5"},
  "idna": {:hex, :idna, "1.0.2"},
  "inflex": {:hex, :inflex, "1.5.0"},
  "joken": {:hex, :joken, "0.15.0"},
  "neo4j_sips": {:git, "https://github.com/florinpatrascu/neo4j_sips.git", "e86b859a0da5debc268d5648c2f2c2f9715850b7", [branch: "model_intro"]},
  "phoenix": {:hex, :phoenix, "1.0.3"},
  "phoenix_ecto": {:hex, :phoenix_ecto, "1.2.0"},
  "phoenix_html": {:hex, :phoenix_html, "2.2.0"},
  "phoenix_live_reload": {:hex, :phoenix_live_reload, "1.0.1"},
  "plug": {:hex, :plug, "1.0.2"},
  "poison": {:hex, :poison, "1.5.0"},
  "poolboy": {:hex, :poolboy, "1.5.1"},
  "postgrex": {:hex, :postgrex, "0.9.1"},
  "ranch": {:hex, :ranch, "1.2.0"},
  "ssl_verify_hostname": {:hex, :ssl_verify_hostname, "1.0.5"},
  "timex": {:hex, :timex, "1.0.0-rc3"},
  "tzdata": {:hex, :tzdata, "0.5.5"},
  "uuid": {:hex, :uuid, "1.1.1"}}
